{
  "name": "@truos/trushell",
  "version": "1.0.2",
  "lockfileVersion": 3,
  "requires": true,
  "packages": {
    "": {
      "name": "@truos/trushell",
      "version": "1.0.2",
      "hasInstallScript": true,
      "license": "Apache-2.0",
      "bin": {
        "atoffice-shell": "bin/index.js",
        "truos": "bin/index.js",
        "TruOS": "bin/index.js",
        "trushell": "bin/index.js"
      }
    }
  }
}
